
Microsoft Visual Studio Solution File, Format Version 12.00
# Visual Studio Version 16
VisualStudioVersion = 16.0.31205.134
MinimumVisualStudioVersion = 10.0.40219.1
Project("{FAE04EC0-301F-11D3-BF4B-00C04F79EFBC}") = "VirusTask.Android", "VirusTask\VirusTask.Android\VirusTask.Android.csproj", "{B4A04235-BEA9-4BD1-8FA6-5D8D9882075A}"
EndProject
Project("{FAE04EC0-301F-11D3-BF4B-00C04F79EFBC}") = "VirusTask.iOS", "VirusTask\VirusTask.iOS\VirusTask.iOS.csproj", "{EB6EBB71-B50C-4344-80AD-D108F1BB37DC}"
EndProject
Project("{9A19103F-16F7-4668-BE54-9A1E7A4F7556}") = "VirusTask", "VirusTask\VirusTask\VirusTask.csproj", "{30E9D63B-F990-4C4D-B9AD-10DB3E28FCCF}"
EndProject
Project("{2150E333-8FDC-42A3-9474-1A3956D46DE8}") = "Solution Items", "Solution Items", "{DD4306F5-99F9-4F56-8CA8-B8504F4E2017}"
	ProjectSection(SolutionItems) = preProject
		.editorconfig = .editorconfig
	EndProjectSection
EndProject
Global
	GlobalSection(SolutionConfigurationPlatforms) = preSolution
		Debug|Any CPU = Debug|Any CPU
		Debug|iPhone = Debug|iPhone
		Debug|iPhoneSimulator = Debug|iPhoneSimulator
		Release|Any CPU = Release|Any CPU
		Release|iPhone = Release|iPhone
		Release|iPhoneSimulator = Release|iPhoneSimulator
	EndGlobalSection
	GlobalSection(ProjectConfigurationPlatforms) = postSolution
		{B4A04235-BEA9-4BD1-8FA6-5D8D9882075A}.Debug|Any CPU.ActiveCfg = Debug|Any CPU
		{B4A04235-BEA9-4BD1-8FA6-5D8D9882075A}.Debug|Any CPU.Build.0 = Debug|Any CPU
		{B4A04235-BEA9-4BD1-8FA6-5D8D9882075A}.Debug|Any CPU.Deploy.0 = Debug|Any CPU
		{B4A04235-BEA9-4BD1-8FA6-5D8D9882075A}.Debug|iPhone.ActiveCfg = Debug|Any CPU
		{B4A04235-BEA9-4BD1-8FA6-5D8D9882075A}.Debug|iPhone.Build.0 = Debug|Any CPU
		{B4A04235-BEA9-4BD1-8FA6-5D8D9882075A}.Debug|iPhone.Deploy.0 = Debug|Any CPU
		{B4A04235-BEA9-4BD1-8FA6-5D8D9882075A}.Debug|iPhoneSimulator.ActiveCfg = Debug|Any CPU
		{B4A04235-BEA9-4BD1-8FA6-5D8D9882075A}.Debug|iPhoneSimulator.Build.0 = Debug|Any CPU
		{B4A04235-BEA9-4BD1-8FA6-5D8D9882075A}.Debug|iPhoneSimulator.Deploy.0 = Debug|Any CPU
		{B4A04235-BEA9-4BD1-8FA6-5D8D9882075A}.Release|Any CPU.ActiveCfg = Release|Any CPU
		{B4A04235-BEA9-4BD1-8FA6-5D8D9882075A}.Release|Any CPU.Build.0 = Release|Any CPU
		{B4A04235-BEA9-4BD1-8FA6-5D8D9882075A}.Release|Any CPU.Deploy.0 = Release|Any CPU
		{B4A04235-BEA9-4BD1-8FA6-5D8D9882075A}.Release|iPhone.ActiveCfg = Release|Any CPU
		{B4A04235-BEA9-4BD1-8FA6-5D8D9882075A}.Release|iPhone.Build.0 = Release|Any CPU
		{B4A04235-BEA9-4BD1-8FA6-5D8D9882075A}.Release|iPhone.Deploy.0 = Release|Any CPU
		{B4A04235-BEA9-4BD1-8FA6-5D8D9882075A}.Release|iPhoneSimulator.ActiveCfg = Release|Any CPU
		{B4A04235-BEA9-4BD1-8FA6-5D8D9882075A}.Release|iPhoneSimulator.Build.0 = Release|Any CPU
		{B4A04235-BEA9-4BD1-8FA6-5D8D9882075A}.Release|iPhoneSimulator.Deploy.0 = Release|Any CPU
		{EB6EBB71-B50C-4344-80AD-D108F1BB37DC}.Debug|Any CPU.ActiveCfg = Debug|iPhone
		{EB6EBB71-B50C-4344-80AD-D108F1BB37DC}.Debug|Any CPU.Build.0 = Debug|iPhone
		{EB6EBB71-B50C-4344-80AD-D108F1BB37DC}.Debug|Any CPU.Deploy.0 = Debug|iPhone
		{EB6EBB71-B50C-4344-80AD-D108F1BB37DC}.Debug|iPhone.ActiveCfg = Debug|iPhone
		{EB6EBB71-B50C-4344-80AD-D108F1BB37DC}.Debug|iPhone.Build.0 = Debug|iPhone
		{EB6EBB71-B50C-4344-80AD-D108F1BB37DC}.Debug|iPhone.Deploy.0 = Debug|iPhone
		{EB6EBB71-B50C-4344-80AD-D108F1BB37DC}.Debug|iPhoneSimulator.ActiveCfg = Debug|iPhoneSimulator
		{EB6EBB71-B50C-4344-80AD-D108F1BB37DC}.Debug|iPhoneSimulator.Build.0 = Debug|iPhoneSimulator
		{EB6EBB71-B50C-4344-80AD-D108F1BB37DC}.Debug|iPhoneSimulator.Deploy.0 = Debug|iPhoneSimulator
		{EB6EBB71-B50C-4344-80AD-D108F1BB37DC}.Release|Any CPU.ActiveCfg = Release|iPhoneSimulator
		{EB6EBB71-B50C-4344-80AD-D108F1BB37DC}.Release|Any CPU.Build.0 = Release|iPhoneSimulator
		{EB6EBB71-B50C-4344-80AD-D108F1BB37DC}.Release|Any CPU.Deploy.0 = Release|iPhoneSimulator
		{EB6EBB71-B50C-4344-80AD-D108F1BB37DC}.Release|iPhone.ActiveCfg = Release|iPhone
		{EB6EBB71-B50C-4344-80AD-D108F1BB37DC}.Release|iPhone.Build.0 = Release|iPhone
		{EB6EBB71-B50C-4344-80AD-D108F1BB37DC}.Release|iPhone.Deploy.0 = Release|iPhone
		{EB6EBB71-B50C-4344-80AD-D108F1BB37DC}.Release|iPhoneSimulator.ActiveCfg = Release|iPhoneSimulator
		{EB6EBB71-B50C-4344-80AD-D108F1BB37DC}.Release|iPhoneSimulator.Build.0 = Release|iPhoneSimulator
		{EB6EBB71-B50C-4344-80AD-D108F1BB37DC}.Release|iPhoneSimulator.Deploy.0 = Release|iPhoneSimulator
		{30E9D63B-F990-4C4D-B9AD-10DB3E28FCCF}.Debug|Any CPU.ActiveCfg = Debug|Any CPU
		{30E9D63B-F990-4C4D-B9AD-10DB3E28FCCF}.Debug|Any CPU.Build.0 = Debug|Any CPU
		{30E9D63B-F990-4C4D-B9AD-10DB3E28FCCF}.Debug|Any CPU.Deploy.0 = Debug|Any CPU
		{30E9D63B-F990-4C4D-B9AD-10DB3E28FCCF}.Debug|iPhone.ActiveCfg = Debug|Any CPU
		{30E9D63B-F990-4C4D-B9AD-10DB3E28FCCF}.Debug|iPhone.Build.0 = Debug|Any CPU
		{30E9D63B-F990-4C4D-B9AD-10DB3E28FCCF}.Debug|iPhone.Deploy.0 = Debug|Any CPU
		{30E9D63B-F990-4C4D-B9AD-10DB3E28FCCF}.Debug|iPhoneSimulator.ActiveCfg = Debug|Any CPU
		{30E9D63B-F990-4C4D-B9AD-10DB3E28FCCF}.Debug|iPhoneSimulator.Build.0 = Debug|Any CPU
		{30E9D63B-F990-4C4D-B9AD-10DB3E28FCCF}.Debug|iPhoneSimulator.Deploy.0 = Debug|Any CPU
		{30E9D63B-F990-4C4D-B9AD-10DB3E28FCCF}.Release|Any CPU.ActiveCfg = Release|Any CPU
		{30E9D63B-F990-4C4D-B9AD-10DB3E28FCCF}.Release|Any CPU.Build.0 = Release|Any CPU
		{30E9D63B-F990-4C4D-B9AD-10DB3E28FCCF}.Release|Any CPU.Deploy.0 = Release|Any CPU
		{30E9D63B-F990-4C4D-B9AD-10DB3E28FCCF}.Release|iPhone.ActiveCfg = Release|Any CPU
		{30E9D63B-F990-4C4D-B9AD-10DB3E28FCCF}.Release|iPhone.Build.0 = Release|Any CPU
		{30E9D63B-F990-4C4D-B9AD-10DB3E28FCCF}.Release|iPhone.Deploy.0 = Release|Any CPU
		{30E9D63B-F990-4C4D-B9AD-10DB3E28FCCF}.Release|iPhoneSimulator.ActiveCfg = Release|Any CPU
		{30E9D63B-F990-4C4D-B9AD-10DB3E28FCCF}.Release|iPhoneSimulator.Build.0 = Release|Any CPU
		{30E9D63B-F990-4C4D-B9AD-10DB3E28FCCF}.Release|iPhoneSimulator.Deploy.0 = Release|Any CPU
	EndGlobalSection
	GlobalSection(SolutionProperties) = preSolution
		HideSolutionNode = FALSE
	EndGlobalSection
	GlobalSection(ExtensibilityGlobals) = postSolution
		SolutionGuid = {4AB2C25F-3D9D-44EF-BB99-FA8DD6E452D2}
	EndGlobalSection
EndGlobal
